// !$*UTF8*$!
{
	archiveVersion = 1;
	classes = {
	};
	objectVersion = 55;
	objects = {

/* Begin PBXBuildFile section */
		FD796AB82904982000AD9059 /* AppDelegate.swift in Sources */ = {isa = PBXBuildFile; fileRef = FD796AB72904982000AD9059 /* AppDelegate.swift */; };
		FD796ABA2904982000AD9059 /* SceneDelegate.swift in Sources */ = {isa = PBXBuildFile; fileRef = FD796AB92904982000AD9059 /* SceneDelegate.swift */; };
		FD796ABF2904982000AD9059 /* TabBar.storyboard in Resources */ = {isa = PBXBuildFile; fileRef = FD796ABD2904982000AD9059 /* TabBar.storyboard */; };
		FD796AC12904982100AD9059 /* Assets.xcassets in Resources */ = {isa = PBXBuildFile; fileRef = FD796AC02904982100AD9059 /* Assets.xcassets */; };
		FD796AC42904982100AD9059 /* LaunchScreen.storyboard in Resources */ = {isa = PBXBuildFile; fileRef = FD796AC22904982100AD9059 /* LaunchScreen.storyboard */; };
		FD796ACC2904985100AD9059 /* RecipeModel.swift in Sources */ = {isa = PBXBuildFile; fileRef = FD796ACB2904985100AD9059 /* RecipeModel.swift */; };
		FD796AD02904B28A00AD9059 /* HomeViewController.swift in Sources */ = {isa = PBXBuildFile; fileRef = FD796ACF2904B28A00AD9059 /* HomeViewController.swift */; };
		FD796AD42904B2AD00AD9059 /* SearchViewController.swift in Sources */ = {isa = PBXBuildFile; fileRef = FD796AD32904B2AD00AD9059 /* SearchViewController.swift */; };
		FD796AD72904B31100AD9059 /* Search.storyboard in Resources */ = {isa = PBXBuildFile; fileRef = FD796AD62904B31100AD9059 /* Search.storyboard */; };
		FD796AD92904B49A00AD9059 /* Home.storyboard in Resources */ = {isa = PBXBuildFile; fileRef = FD796AD82904B49A00AD9059 /* Home.storyboard */; };
		FD796ADD2904B54C00AD9059 /* TabBarViewController.swift in Sources */ = {isa = PBXBuildFile; fileRef = FD796ADC2904B54C00AD9059 /* TabBarViewController.swift */; };
		FD796AE02904B57500AD9059 /* BaseCardTabBar.swift in Sources */ = {isa = PBXBuildFile; fileRef = FD796ADF2904B57500AD9059 /* BaseCardTabBar.swift */; };
		FD796AE22904B58500AD9059 /* LightTabBarController.swift in Sources */ = {isa = PBXBuildFile; fileRef = FD796AE12904B58500AD9059 /* LightTabBarController.swift */; };
		FD796AE42904B59400AD9059 /* LightTabBar.swift in Sources */ = {isa = PBXBuildFile; fileRef = FD796AE32904B59400AD9059 /* LightTabBar.swift */; };
		FD796AE72904B5CE00AD9059 /* UIView+Additions.swift in Sources */ = {isa = PBXBuildFile; fileRef = FD796AE62904B5CE00AD9059 /* UIView+Additions.swift */; };
		FD796AE92904B61400AD9059 /* UIColor.swift in Sources */ = {isa = PBXBuildFile; fileRef = FD796AE82904B61400AD9059 /* UIColor.swift */; };
		FD796AEC2904BF5C00AD9059 /* RecetasCollectionViewCell.swift in Sources */ = {isa = PBXBuildFile; fileRef = FD796AEB2904BF5C00AD9059 /* RecetasCollectionViewCell.swift */; };
		FD796AEE2904DAD400AD9059 /* CardView.swift in Sources */ = {isa = PBXBuildFile; fileRef = FD796AED2904DAD400AD9059 /* CardView.swift */; };
		FD796AF02905A43F00AD9059 /* RecetasCollectionViewCell.xib in Resources */ = {isa = PBXBuildFile; fileRef = FD796AEF2905A43F00AD9059 /* RecetasCollectionViewCell.xib */; };
		FD796AF82905AFD600AD9059 /* HomeVCRouter.swift in Sources */ = {isa = PBXBuildFile; fileRef = FD796AF72905AFD600AD9059 /* HomeVCRouter.swift */; };
		FD796AFA2905AFE600AD9059 /* HomeVCPresenter.swift in Sources */ = {isa = PBXBuildFile; fileRef = FD796AF92905AFE600AD9059 /* HomeVCPresenter.swift */; };
		FD796AFC2905AFF500AD9059 /* HomeVCConfigurator.swift in Sources */ = {isa = PBXBuildFile; fileRef = FD796AFB2905AFF500AD9059 /* HomeVCConfigurator.swift */; };
		FD796AFE2905B30400AD9059 /* FoodDetailViewController.swift in Sources */ = {isa = PBXBuildFile; fileRef = FD796AFD2905B30400AD9059 /* FoodDetailViewController.swift */; };
		FD796B012905B32A00AD9059 /* Food.storyboard in Resources */ = {isa = PBXBuildFile; fileRef = FD796B002905B32A00AD9059 /* Food.storyboard */; };
		FD796B042905BE8500AD9059 /* Constant.swift in Sources */ = {isa = PBXBuildFile; fileRef = FD796B032905BE8500AD9059 /* Constant.swift */; };
/* End PBXBuildFile section */

/* Begin PBXFileReference section */
		FD796AB42904982000AD9059 /* RecetasYape.app */ = {isa = PBXFileReference; explicitFileType = wrapper.application; includeInIndex = 0; path = RecetasYape.app; sourceTree = BUILT_PRODUCTS_DIR; };
		FD796AB72904982000AD9059 /* AppDelegate.swift */ = {isa = PBXFileReference; lastKnownFileType = sourcecode.swift; path = AppDelegate.swift; sourceTree = "<group>"; };
		FD796AB92904982000AD9059 /* SceneDelegate.swift */ = {isa = PBXFileReference; lastKnownFileType = sourcecode.swift; path = SceneDelegate.swift; sourceTree = "<group>"; };
		FD796ABE2904982000AD9059 /* Base */ = {isa = PBXFileReference; lastKnownFileType = file.storyboard; name = Base; path = Base.lproj/TabBar.storyboard; sourceTree = "<group>"; };
		FD796AC02904982100AD9059 /* Assets.xcassets */ = {isa = PBXFileReference; lastKnownFileType = folder.assetcatalog; path = Assets.xcassets; sourceTree = "<group>"; };
		FD796AC32904982100AD9059 /* Base */ = {isa = PBXFileReference; lastKnownFileType = file.storyboard; name = Base; path = Base.lproj/LaunchScreen.storyboard; sourceTree = "<group>"; };
		FD796AC52904982100AD9059 /* Info.plist */ = {isa = PBXFileReference; lastKnownFileType = text.plist.xml; path = Info.plist; sourceTree = "<group>"; };
		FD796ACB2904985100AD9059 /* RecipeModel.swift */ = {isa = PBXFileReference; lastKnownFileType = sourcecode.swift; path = RecipeModel.swift; sourceTree = "<group>"; };
		FD796ACF2904B28A00AD9059 /* HomeViewController.swift */ = {isa = PBXFileReference; lastKnownFileType = sourcecode.swift; path = HomeViewController.swift; sourceTree = "<group>"; };
		FD796AD32904B2AD00AD9059 /* SearchViewController.swift */ = {isa = PBXFileReference; lastKnownFileType = sourcecode.swift; path = SearchViewController.swift; sourceTree = "<group>"; };
		FD796AD62904B31100AD9059 /* Search.storyboard */ = {isa = PBXFileReference; lastKnownFileType = file.storyboard; path = Search.storyboard; sourceTree = "<group>"; };
		FD796AD82904B49A00AD9059 /* Home.storyboard */ = {isa = PBXFileReference; lastKnownFileType = file.storyboard; path = Home.storyboard; sourceTree = "<group>"; };
		FD796ADC2904B54C00AD9059 /* TabBarViewController.swift */ = {isa = PBXFileReference; lastKnownFileType = sourcecode.swift; path = TabBarViewController.swift; sourceTree = "<group>"; };
		FD796ADF2904B57500AD9059 /* BaseCardTabBar.swift */ = {isa = PBXFileReference; lastKnownFileType = sourcecode.swift; path = BaseCardTabBar.swift; sourceTree = "<group>"; };
		FD796AE12904B58500AD9059 /* LightTabBarController.swift */ = {isa = PBXFileReference; lastKnownFileType = sourcecode.swift; path = LightTabBarController.swift; sourceTree = "<group>"; };
		FD796AE32904B59400AD9059 /* LightTabBar.swift */ = {isa = PBXFileReference; lastKnownFileType = sourcecode.swift; path = LightTabBar.swift; sourceTree = "<group>"; };
		FD796AE62904B5CE00AD9059 /* UIView+Additions.swift */ = {isa = PBXFileReference; lastKnownFileType = sourcecode.swift; path = "UIView+Additions.swift"; sourceTree = "<group>"; };
		FD796AE82904B61400AD9059 /* UIColor.swift */ = {isa = PBXFileReference; lastKnownFileType = sourcecode.swift; path = UIColor.swift; sourceTree = "<group>"; };
		FD796AEB2904BF5C00AD9059 /* RecetasCollectionViewCell.swift */ = {isa = PBXFileReference; lastKnownFileType = sourcecode.swift; path = RecetasCollectionViewCell.swift; sourceTree = "<group>"; };
		FD796AED2904DAD400AD9059 /* CardView.swift */ = {isa = PBXFileReference; lastKnownFileType = sourcecode.swift; path = CardView.swift; sourceTree = "<group>"; };
		FD796AEF2905A43F00AD9059 /* RecetasCollectionViewCell.xib */ = {isa = PBXFileReference; lastKnownFileType = file.xib; path = RecetasCollectionViewCell.xib; sourceTree = "<group>"; };
		FD796AF72905AFD600AD9059 /* HomeVCRouter.swift */ = {isa = PBXFileReference; lastKnownFileType = sourcecode.swift; path = HomeVCRouter.swift; sourceTree = "<group>"; };
		FD796AF92905AFE600AD9059 /* HomeVCPresenter.swift */ = {isa = PBXFileReference; lastKnownFileType = sourcecode.swift; path = HomeVCPresenter.swift; sourceTree = "<group>"; };
		FD796AFB2905AFF500AD9059 /* HomeVCConfigurator.swift */ = {isa = PBXFileReference; lastKnownFileType = sourcecode.swift; path = HomeVCConfigurator.swift; sourceTree = "<group>"; };
		FD796AFD2905B30400AD9059 /* FoodDetailViewController.swift */ = {isa = PBXFileReference; lastKnownFileType = sourcecode.swift; path = FoodDetailViewController.swift; sourceTree = "<group>"; };
		FD796B002905B32A00AD9059 /* Food.storyboard */ = {isa = PBXFileReference; lastKnownFileType = file.storyboard; path = Food.storyboard; sourceTree = "<group>"; };
		FD796B032905BE8500AD9059 /* Constant.swift */ = {isa = PBXFileReference; lastKnownFileType = sourcecode.swift; path = Constant.swift; sourceTree = "<group>"; };
/* End PBXFileReference section */

/* Begin PBXFrameworksBuildPhase section */
		FD796AB12904982000AD9059 /* Frameworks */ = {
			isa = PBXFrameworksBuildPhase;
			buildActionMask = 2147483647;
			files = (
			);
			runOnlyForDeploymentPostprocessing = 0;
		};
/* End PBXFrameworksBuildPhase section */

/* Begin PBXGroup section */
		FD796AAB2904982000AD9059 = {
			isa = PBXGroup;
			children = (
				FD796AB62904982000AD9059 /* RecetasYape */,
				FD796AB52904982000AD9059 /* Products */,
			);
			sourceTree = "<group>";
		};
		FD796AB52904982000AD9059 /* Products */ = {
			isa = PBXGroup;
			children = (
				FD796AB42904982000AD9059 /* RecetasYape.app */,
			);
			name = Products;
			sourceTree = "<group>";
		};
		FD796AB62904982000AD9059 /* RecetasYape */ = {
			isa = PBXGroup;
			children = (
				FD796B022905BE7400AD9059 /* Utils */,
				FD796AE52904B5C200AD9059 /* UIComponents */,
				FD796ADA2904B50B00AD9059 /* Resources */,
				FD796ACE2904B27700AD9059 /* Module */,
				FD796AB72904982000AD9059 /* AppDelegate.swift */,
				FD796AB92904982000AD9059 /* SceneDelegate.swift */,
				FD796AD52904B30500AD9059 /* Views */,
				FD796AC02904982100AD9059 /* Assets.xcassets */,
				FD796AC22904982100AD9059 /* LaunchScreen.storyboard */,
				FD796AC52904982100AD9059 /* Info.plist */,
			);
			path = RecetasYape;
			sourceTree = "<group>";
		};
		FD796ACD2904985700AD9059 /* Model */ = {
			isa = PBXGroup;
			children = (
				FD796ACB2904985100AD9059 /* RecipeModel.swift */,
			);
			path = Model;
			sourceTree = "<group>";
		};
		FD796ACE2904B27700AD9059 /* Module */ = {
			isa = PBXGroup;
			children = (
				FD796ACD2904985700AD9059 /* Model */,
				FD796ADB2904B51B00AD9059 /* Presentation */,
			);
			path = Module;
			sourceTree = "<group>";
		};
		FD796AD12904B29C00AD9059 /* Home */ = {
			isa = PBXGroup;
			children = (
				FD796AF12905AF5B00AD9059 /* Home */,
			);
			path = Home;
			sourceTree = "<group>";
		};
		FD796AD22904B2A100AD9059 /* Search */ = {
			isa = PBXGroup;
			children = (
				FD796AD32904B2AD00AD9059 /* SearchViewController.swift */,
			);
			path = Search;
			sourceTree = "<group>";
		};
		FD796AD52904B30500AD9059 /* Views */ = {
			isa = PBXGroup;
			children = (
				FD796ABD2904982000AD9059 /* TabBar.storyboard */,
				FD796AD62904B31100AD9059 /* Search.storyboard */,
				FD796AD82904B49A00AD9059 /* Home.storyboard */,
				FD796B002905B32A00AD9059 /* Food.storyboard */,
			);
			path = Views;
			sourceTree = "<group>";
		};
		FD796ADA2904B50B00AD9059 /* Resources */ = {
			isa = PBXGroup;
			children = (
				FD796ADC2904B54C00AD9059 /* TabBarViewController.swift */,
				FD796ADE2904B56400AD9059 /* CustomBar */,
			);
			path = Resources;
			sourceTree = "<group>";
		};
		FD796ADB2904B51B00AD9059 /* Presentation */ = {
			isa = PBXGroup;
			children = (
				FD796AD22904B2A100AD9059 /* Search */,
				FD796AD12904B29C00AD9059 /* Home */,
				FD796AFF2905B30B00AD9059 /* FoodDetail */,
			);
			path = Presentation;
			sourceTree = "<group>";
		};
		FD796ADE2904B56400AD9059 /* CustomBar */ = {
			isa = PBXGroup;
			children = (
				FD796ADF2904B57500AD9059 /* BaseCardTabBar.swift */,
				FD796AE12904B58500AD9059 /* LightTabBarController.swift */,
				FD796AE32904B59400AD9059 /* LightTabBar.swift */,
			);
			path = CustomBar;
			sourceTree = "<group>";
		};
		FD796AE52904B5C200AD9059 /* UIComponents */ = {
			isa = PBXGroup;
			children = (
				FD796AE62904B5CE00AD9059 /* UIView+Additions.swift */,
				FD796AE82904B61400AD9059 /* UIColor.swift */,
				FD796AED2904DAD400AD9059 /* CardView.swift */,
			);
			path = UIComponents;
			sourceTree = "<group>";
		};
		FD796AEA2904BF4000AD9059 /* Cell */ = {
			isa = PBXGroup;
			children = (
				FD796AEB2904BF5C00AD9059 /* RecetasCollectionViewCell.swift */,
				FD796AEF2905A43F00AD9059 /* RecetasCollectionViewCell.xib */,
			);
			path = Cell;
			sourceTree = "<group>";
		};
		FD796AF12905AF5B00AD9059 /* Home */ = {
			isa = PBXGroup;
			children = (
				FD796AF52905AF9500AD9059 /* Router */,
				FD796AF42905AF8C00AD9059 /* Presenter */,
				FD796AF32905AF7E00AD9059 /* View */,
			);
			path = Home;
			sourceTree = "<group>";
		};
		FD796AF22905AF6500AD9059 /* Controller */ = {
			isa = PBXGroup;
			children = (
				FD796ACF2904B28A00AD9059 /* HomeViewController.swift */,
			);
			path = Controller;
			sourceTree = "<group>";
		};
		FD796AF32905AF7E00AD9059 /* View */ = {
			isa = PBXGroup;
			children = (
				FD796AEA2904BF4000AD9059 /* Cell */,
				FD796AF62905AF9B00AD9059 /* Configurator */,
				FD796AF22905AF6500AD9059 /* Controller */,
			);
			path = View;
			sourceTree = "<group>";
		};
		FD796AF42905AF8C00AD9059 /* Presenter */ = {
			isa = PBXGroup;
			children = (
				FD796AF92905AFE600AD9059 /* HomeVCPresenter.swift */,
			);
			path = Presenter;
			sourceTree = "<group>";
		};
		FD796AF52905AF9500AD9059 /* Router */ = {
			isa = PBXGroup;
			children = (
				FD796AF72905AFD600AD9059 /* HomeVCRouter.swift */,
			);
			path = Router;
			sourceTree = "<group>";
		};
		FD796AF62905AF9B00AD9059 /* Configurator */ = {
			isa = PBXGroup;
			children = (
				FD796AFB2905AFF500AD9059 /* HomeVCConfigurator.swift */,
			);
			path = Configurator;
			sourceTree = "<group>";
		};
		FD796AFF2905B30B00AD9059 /* FoodDetail */ = {
			isa = PBXGroup;
			children = (
				FD796AFD2905B30400AD9059 /* FoodDetailViewController.swift */,
			);
			path = FoodDetail;
			sourceTree = "<group>";
		};
		FD796B022905BE7400AD9059 /* Utils */ = {
			isa = PBXGroup;
			children = (
				FD796B032905BE8500AD9059 /* Constant.swift */,
			);
			path = Utils;
			sourceTree = "<group>";
		};
/* End PBXGroup section */

/* Begin PBXNativeTarget section */
		FD796AB32904982000AD9059 /* RecetasYape */ = {
			isa = PBXNativeTarget;
			buildConfigurationList = FD796AC82904982100AD9059 /* Build configuration list for PBXNativeTarget "RecetasYape" */;
			buildPhases = (
				FD796AB02904982000AD9059 /* Sources */,
				FD796AB12904982000AD9059 /* Frameworks */,
				FD796AB22904982000AD9059 /* Resources */,
			);
			buildRules = (
			);
			dependencies = (
			);
			name = RecetasYape;
			productName = RecetasYape;
			productReference = FD796AB42904982000AD9059 /* RecetasYape.app */;
			productType = "com.apple.product-type.application";
		};
/* End PBXNativeTarget section */

/* Begin PBXProject section */
		FD796AAC2904982000AD9059 /* Project object */ = {
			isa = PBXProject;
			attributes = {
				BuildIndependentTargetsInParallel = 1;
				LastSwiftUpdateCheck = 1340;
				LastUpgradeCheck = 1340;
				TargetAttributes = {
					FD796AB32904982000AD9059 = {
						CreatedOnToolsVersion = 13.4.1;
					};
				};
			};
			buildConfigurationList = FD796AAF2904982000AD9059 /* Build configuration list for PBXProject "RecetasYape" */;
			compatibilityVersion = "Xcode 13.0";
			developmentRegion = en;
			hasScannedForEncodings = 0;
			knownRegions = (
				en,
				Base,
			);
			mainGroup = FD796AAB2904982000AD9059;
			productRefGroup = FD796AB52904982000AD9059 /* Products */;
			projectDirPath = "";
			projectRoot = "";
			targets = (
				FD796AB32904982000AD9059 /* RecetasYape */,
			);
		};
/* End PBXProject section */

/* Begin PBXResourcesBuildPhase section */
		FD796AB22904982000AD9059 /* Resources */ = {
			isa = PBXResourcesBuildPhase;
			buildActionMask = 2147483647;
			files = (
				FD796AC42904982100AD9059 /* LaunchScreen.storyboard in Resources */,
				FD796B012905B32A00AD9059 /* Food.storyboard in Resources */,
				FD796AD92904B49A00AD9059 /* Home.storyboard in Resources */,
				FD796AF02905A43F00AD9059 /* RecetasCollectionViewCell.xib in Resources */,
				FD796AC12904982100AD9059 /* Assets.xcassets in Resources */,
				FD796AD72904B31100AD9059 /* Search.storyboard in Resources */,
				FD796ABF2904982000AD9059 /* TabBar.storyboard in Resources */,
			);
			runOnlyForDeploymentPostprocessing = 0;
		};
/* End PBXResourcesBuildPhase section */

/* Begin PBXSourcesBuildPhase section */
		FD796AB02904982000AD9059 /* Sources */ = {
			isa = PBXSourcesBuildPhase;
			buildActionMask = 2147483647;
			files = (
				FD796AE72904B5CE00AD9059 /* UIView+Additions.swift in Sources */,
				FD796AE92904B61400AD9059 /* UIColor.swift in Sources */,
				FD796AD42904B2AD00AD9059 /* SearchViewController.swift in Sources */,
				FD796AB82904982000AD9059 /* AppDelegate.swift in Sources */,
				FD796AFE2905B30400AD9059 /* FoodDetailViewController.swift in Sources */,
				FD796AF82905AFD600AD9059 /* HomeVCRouter.swift in Sources */,
				FD796AEC2904BF5C00AD9059 /* RecetasCollectionViewCell.swift in Sources */,
				FD796ABA2904982000AD9059 /* SceneDelegate.swift in Sources */,
				FD796AFA2905AFE600AD9059 /* HomeVCPresenter.swift in Sources */,
				FD796AFC2905AFF500AD9059 /* HomeVCConfigurator.swift in Sources */,
				FD796ACC2904985100AD9059 /* RecipeModel.swift in Sources */,
				FD796B042905BE8500AD9059 /* Constant.swift in Sources */,
				FD796AEE2904DAD400AD9059 /* CardView.swift in Sources */,
				FD796AE02904B57500AD9059 /* BaseCardTabBar.swift in Sources */,
				FD796AE42904B59400AD9059 /* LightTabBar.swift in Sources */,
				FD796ADD2904B54C00AD9059 /* TabBarViewController.swift in Sources */,
				FD796AE22904B58500AD9059 /* LightTabBarController.swift in Sources */,
				FD796AD02904B28A00AD9059 /* HomeViewController.swift in Sources */,
			);
			runOnlyForDeploymentPostprocessing = 0;
		};
/* End PBXSourcesBuildPhase section */

/* Begin PBXVariantGroup section */
		FD796ABD2904982000AD9059 /* TabBar.storyboard */ = {
			isa = PBXVariantGroup;
			children = (
				FD796ABE2904982000AD9059 /* Base */,
			);
			name = TabBar.storyboard;
			sourceTree = "<group>";
		};
		FD796AC22904982100AD9059 /* LaunchScreen.storyboard */ = {
			isa = PBXVariantGroup;
			children = (
				FD796AC32904982100AD9059 /* Base */,
			);
			name = LaunchScreen.storyboard;
			sourceTree = "<group>";
		};
/* End PBXVariantGroup section */

/* Begin XCBuildConfiguration section */
		FD796AC62904982100AD9059 /* Debug */ = {
			isa = XCBuildConfiguration;
			buildSettings = {
				ALWAYS_SEARCH_USER_PATHS = NO;
				CLANG_ANALYZER_NONNULL = YES;
				CLANG_ANALYZER_NUMBER_OBJECT_CONVERSION = YES_AGGRESSIVE;
				CLANG_CXX_LANGUAGE_STANDARD = "gnu++17";
				CLANG_ENABLE_MODULES = YES;
				CLANG_ENABLE_OBJC_ARC = YES;
				CLANG_ENABLE_OBJC_WEAK = YES;
				CLANG_WARN_BLOCK_CAPTURE_AUTORELEASING = YES;
				CLANG_WARN_BOOL_CONVERSION = YES;
				CLANG_WARN_COMMA = YES;
				CLANG_WARN_CONSTANT_CONVERSION = YES;
				CLANG_WARN_DEPRECATED_OBJC_IMPLEMENTATIONS = YES;
				CLANG_WARN_DIRECT_OBJC_ISA_USAGE = YES_ERROR;
				CLANG_WARN_DOCUMENTATION_COMMENTS = YES;
				CLANG_WARN_EMPTY_BODY = YES;
				CLANG_WARN_ENUM_CONVERSION = YES;
				CLANG_WARN_INFINITE_RECURSION = YES;
				CLANG_WARN_INT_CONVERSION = YES;
				CLANG_WARN_NON_LITERAL_NULL_CONVERSION = YES;
				CLANG_WARN_OBJC_IMPLICIT_RETAIN_SELF = YES;
				CLANG_WARN_OBJC_LITERAL_CONVERSION = YES;
				CLANG_WARN_OBJC_ROOT_CLASS = YES_ERROR;
				CLANG_WARN_QUOTED_INCLUDE_IN_FRAMEWORK_HEADER = YES;
				CLANG_WARN_RANGE_LOOP_ANALYSIS = YES;
				CLANG_WARN_STRICT_PROTOTYPES = YES;
				CLANG_WARN_SUSPICIOUS_MOVE = YES;
				CLANG_WARN_UNGUARDED_AVAILABILITY = YES_AGGRESSIVE;
				CLANG_WARN_UNREACHABLE_CODE = YES;
				CLANG_WARN__DUPLICATE_METHOD_MATCH = YES;
				COPY_PHASE_STRIP = NO;
				DEBUG_INFORMATION_FORMAT = dwarf;
				ENABLE_STRICT_OBJC_MSGSEND = YES;
				ENABLE_TESTABILITY = YES;
				GCC_C_LANGUAGE_STANDARD = gnu11;
				GCC_DYNAMIC_NO_PIC = NO;
				GCC_NO_COMMON_BLOCKS = YES;
				GCC_OPTIMIZATION_LEVEL = 0;
				GCC_PREPROCESSOR_DEFINITIONS = (
					"DEBUG=1",
					"$(inherited)",
				);
				GCC_WARN_64_TO_32_BIT_CONVERSION = YES;
				GCC_WARN_ABOUT_RETURN_TYPE = YES_ERROR;
				GCC_WARN_UNDECLARED_SELECTOR = YES;
				GCC_WARN_UNINITIALIZED_AUTOS = YES_AGGRESSIVE;
				GCC_WARN_UNUSED_FUNCTION = YES;
				GCC_WARN_UNUSED_VARIABLE = YES;
				IPHONEOS_DEPLOYMENT_TARGET = 15.5;
				MTL_ENABLE_DEBUG_INFO = INCLUDE_SOURCE;
				MTL_FAST_MATH = YES;
				ONLY_ACTIVE_ARCH = YES;
				SDKROOT = iphoneos;
				SWIFT_ACTIVE_COMPILATION_CONDITIONS = DEBUG;
				SWIFT_OPTIMIZATION_LEVEL = "-Onone";
			};
			name = Debug;
		};
		FD796AC72904982100AD9059 /* Release */ = {
			isa = XCBuildConfiguration;
			buildSettings = {
				ALWAYS_SEARCH_USER_PATHS = NO;
				CLANG_ANALYZER_NONNULL = YES;
				CLANG_ANALYZER_NUMBER_OBJECT_CONVERSION = YES_AGGRESSIVE;
				CLANG_CXX_LANGUAGE_STANDARD = "gnu++17";
				CLANG_ENABLE_MODULES = YES;
				CLANG_ENABLE_OBJC_ARC = YES;
				CLANG_ENABLE_OBJC_WEAK = YES;
				CLANG_WARN_BLOCK_CAPTURE_AUTORELEASING = YES;
				CLANG_WARN_BOOL_CONVERSION = YES;
				CLANG_WARN_COMMA = YES;
				CLANG_WARN_CONSTANT_CONVERSION = YES;
				CLANG_WARN_DEPRECATED_OBJC_IMPLEMENTATIONS = YES;
				CLANG_WARN_DIRECT_OBJC_ISA_USAGE = YES_ERROR;
				CLANG_WARN_DOCUMENTATION_COMMENTS = YES;
				CLANG_WARN_EMPTY_BODY = YES;
				CLANG_WARN_ENUM_CONVERSION = YES;
				CLANG_WARN_INFINITE_RECURSION = YES;
				CLANG_WARN_INT_CONVERSION = YES;
				CLANG_WARN_NON_LITERAL_NULL_CONVERSION = YES;
				CLANG_WARN_OBJC_IMPLICIT_RETAIN_SELF = YES;
				CLANG_WARN_OBJC_LITERAL_CONVERSION = YES;
				CLANG_WARN_OBJC_ROOT_CLASS = YES_ERROR;
				CLANG_WARN_QUOTED_INCLUDE_IN_FRAMEWORK_HEADER = YES;
				CLANG_WARN_RANGE_LOOP_ANALYSIS = YES;
				CLANG_WARN_STRICT_PROTOTYPES = YES;
				CLANG_WARN_SUSPICIOUS_MOVE = YES;
				CLANG_WARN_UNGUARDED_AVAILABILITY = YES_AGGRESSIVE;
				CLANG_WARN_UNREACHABLE_CODE = YES;
				CLANG_WARN__DUPLICATE_METHOD_MATCH = YES;
				COPY_PHASE_STRIP = NO;
				DEBUG_INFORMATION_FORMAT = "dwarf-with-dsym";
				ENABLE_NS_ASSERTIONS = NO;
				ENABLE_STRICT_OBJC_MSGSEND = YES;
				GCC_C_LANGUAGE_STANDARD = gnu11;
				GCC_NO_COMMON_BLOCKS = YES;
				GCC_WARN_64_TO_32_BIT_CONVERSION = YES;
				GCC_WARN_ABOUT_RETURN_TYPE = YES_ERROR;
				GCC_WARN_UNDECLARED_SELECTOR = YES;
				GCC_WARN_UNINITIALIZED_AUTOS = YES_AGGRESSIVE;
				GCC_WARN_UNUSED_FUNCTION = YES;
				GCC_WARN_UNUSED_VARIABLE = YES;
				IPHONEOS_DEPLOYMENT_TARGET = 15.5;
				MTL_ENABLE_DEBUG_INFO = NO;
				MTL_FAST_MATH = YES;
				SDKROOT = iphoneos;
				SWIFT_COMPILATION_MODE = wholemodule;
				SWIFT_OPTIMIZATION_LEVEL = "-O";
				VALIDATE_PRODUCT = YES;
			};
			name = Release;
		};
		FD796AC92904982100AD9059 /* Debug */ = {
			isa = XCBuildConfiguration;
			buildSettings = {
				ASSETCATALOG_COMPILER_APPICON_NAME = AppIcon;
				ASSETCATALOG_COMPILER_GLOBAL_ACCENT_COLOR_NAME = AccentColor;
				CODE_SIGN_STYLE = Automatic;
				CURRENT_PROJECT_VERSION = 1;
				DEVELOPMENT_TEAM = 7UN4YDYUNW;
				GENERATE_INFOPLIST_FILE = YES;
				INFOPLIST_FILE = RecetasYape/Info.plist;
				INFOPLIST_KEY_UIApplicationSupportsIndirectInputEvents = YES;
				INFOPLIST_KEY_UILaunchStoryboardName = LaunchScreen;
				INFOPLIST_KEY_UIMainStoryboardFile = TabBar;
				INFOPLIST_KEY_UISupportedInterfaceOrientations_iPad = "UIInterfaceOrientationPortrait UIInterfaceOrientationPortraitUpsideDown UIInterfaceOrientationLandscapeLeft UIInterfaceOrientationLandscapeRight";
				INFOPLIST_KEY_UISupportedInterfaceOrientations_iPhone = "UIInterfaceOrientationPortrait UIInterfaceOrientationLandscapeLeft UIInterfaceOrientationLandscapeRight";
				LD_RUNPATH_SEARCH_PATHS = (
					"$(inherited)",
					"@executable_path/Frameworks",
				);
				MARKETING_VERSION = 1.0;
				PRODUCT_BUNDLE_IDENTIFIER = bravooporto.RecetasYape;
				PRODUCT_NAME = "$(TARGET_NAME)";
				SWIFT_EMIT_LOC_STRINGS = YES;
				SWIFT_VERSION = 5.0;
				TARGETED_DEVICE_FAMILY = "1,2";
			};
			name = Debug;
		};
		FD796ACA2904982100AD9059 /* Release */ = {
			isa = XCBuildConfiguration;
			buildSettings = {
				ASSETCATALOG_COMPILER_APPICON_NAME = AppIcon;
				ASSETCATALOG_COMPILER_GLOBAL_ACCENT_COLOR_NAME = AccentColor;
				CODE_SIGN_STYLE = Automatic;
				CURRENT_PROJECT_VERSION = 1;
				DEVELOPMENT_TEAM = 7UN4YDYUNW;
				GENERATE_INFOPLIST_FILE = YES;
				INFOPLIST_FILE = RecetasYape/Info.plist;
				INFOPLIST_KEY_UIApplicationSupportsIndirectInputEvents = YES;
				INFOPLIST_KEY_UILaunchStoryboardName = LaunchScreen;
				INFOPLIST_KEY_UIMainStoryboardFile = TabBar;
				INFOPLIST_KEY_UISupportedInterfaceOrientations_iPad = "UIInterfaceOrientationPortrait UIInterfaceOrientationPortraitUpsideDown UIInterfaceOrientationLandscapeLeft UIInterfaceOrientationLandscapeRight";
				INFOPLIST_KEY_UISupportedInterfaceOrientations_iPhone = "UIInterfaceOrientationPortrait UIInterfaceOrientationLandscapeLeft UIInterfaceOrientationLandscapeRight";
				LD_RUNPATH_SEARCH_PATHS = (
					"$(inherited)",
					"@executable_path/Frameworks",
				);
				MARKETING_VERSION = 1.0;
				PRODUCT_BUNDLE_IDENTIFIER = bravooporto.RecetasYape;
				PRODUCT_NAME = "$(TARGET_NAME)";
				SWIFT_EMIT_LOC_STRINGS = YES;
				SWIFT_VERSION = 5.0;
				TARGETED_DEVICE_FAMILY = "1,2";
			};
			name = Release;
		};
/* End XCBuildConfiguration section */

/* Begin XCConfigurationList section */
		FD796AAF2904982000AD9059 /* Build configuration list for PBXProject "RecetasYape" */ = {
			isa = XCConfigurationList;
			buildConfigurations = (
				FD796AC62904982100AD9059 /* Debug */,
				FD796AC72904982100AD9059 /* Release */,
			);
			defaultConfigurationIsVisible = 0;
			defaultConfigurationName = Release;
		};
		FD796AC82904982100AD9059 /* Build configuration list for PBXNativeTarget "RecetasYape" */ = {
			isa = XCConfigurationList;
			buildConfigurations = (
				FD796AC92904982100AD9059 /* Debug */,
				FD796ACA2904982100AD9059 /* Release */,
			);
			defaultConfigurationIsVisible = 0;
			defaultConfigurationName = Release;
		};
/* End XCConfigurationList section */
	};
	rootObject = FD796AAC2904982000AD9059 /* Project object */;
}
